
Microsoft Visual Studio Solution File, Format Version 12.00
# Visual Studio Version 16
VisualStudioVersion = 16.0.34031.81
MinimumVisualStudioVersion = 10.0.40219.1
Project("{FAE04EC0-301F-11D3-BF4B-00C04F79EFBC}") = "IOutput2_with_My_Array", "IOutput2_with_My_Array.csproj", "{5C4BF2B6-11A4-49AC-B8DA-FB82B060AF42}"
EndProject
Global
	GlobalSection(SolutionConfigurationPlatforms) = preSolution
		Debug|Any CPU = Debug|Any CPU
		Release|Any CPU = Release|Any CPU
	EndGlobalSection
	GlobalSection(ProjectConfigurationPlatforms) = postSolution
		{5C4BF2B6-11A4-49AC-B8DA-FB82B060AF42}.Debug|Any CPU.ActiveCfg = Debug|Any CPU
		{5C4BF2B6-11A4-49AC-B8DA-FB82B060AF42}.Debug|Any CPU.Build.0 = Debug|Any CPU
		{5C4BF2B6-11A4-49AC-B8DA-FB82B060AF42}.Release|Any CPU.ActiveCfg = Release|Any CPU
		{5C4BF2B6-11A4-49AC-B8DA-FB82B060AF42}.Release|Any CPU.Build.0 = Release|Any CPU
	EndGlobalSection
	GlobalSection(SolutionProperties) = preSolution
		HideSolutionNode = FALSE
	EndGlobalSection
	GlobalSection(ExtensibilityGlobals) = postSolution
		SolutionGuid = {DEC93249-ACC6-4348-ACD5-4CE7816C4D61}
	EndGlobalSection
EndGlobal
